PODS:
  - KDUIKit (0.1.2):
    - SnapKit (~> 4.0.1)
  - SnapKit (4.0.1)

DEPENDENCIES:
  - KDUIKit (from `../`)

SPEC REPOS:
  https://github.com/cocoapods/specs.git:
    - SnapKit

EXTERNAL SOURCES:
  KDUIKit:
    :path: "../"

SPEC CHECKSUMS:
  KDUIKit: 090f92c54da0540ce6dae82d902f15f8dd87fab8
  SnapKit: 0de968a9fec17499afa29683b05d0c775b6d1c29

PODFILE CHECKSUM: a7af6d23905d057931c35699e1aace6f10c2a9e6

COCOAPODS: 1.6.0.beta.2
